// !$*UTF8*$!
{
	archiveVersion = 1;
	classes = {
	};
	objectVersion = 51;
	objects = {

/* Begin PBXBuildFile section */
		93256183A11EAD19ADC85FF9 /* Pods_JoyKeyMapper.framework in Frameworks */ = {isa = PBXBuildFile; fileRef = 480DB1F0DAF805C943A9656A /* Pods_JoyKeyMapper.framework */; };
		DD05303224272D7A0091B3C6 /* DataManager.swift in Sources */ = {isa = PBXBuildFile; fileRef = DD05302D24272D7A0091B3C6 /* DataManager.swift */; };
		DD05303324272D7A0091B3C6 /* GameController.swift in Sources */ = {isa = PBXBuildFile; fileRef = DD05302E24272D7A0091B3C6 /* GameController.swift */; };
		DD05303424272D7A0091B3C6 /* JoyKeyMapper.xcdatamodeld in Sources */ = {isa = PBXBuildFile; fileRef = DD05302F24272D7A0091B3C6 /* JoyKeyMapper.xcdatamodeld */; };
		DD05303524272D7A0091B3C6 /* GameControllerIcon.swift in Sources */ = {isa = PBXBuildFile; fileRef = DD05303124272D7A0091B3C6 /* GameControllerIcon.swift */; };
		DD05303924272D920091B3C6 /* Notifications.swift in Sources */ = {isa = PBXBuildFile; fileRef = DD05303724272D920091B3C6 /* Notifications.swift */; };
		DD05303A24272D920091B3C6 /* Utils.swift in Sources */ = {isa = PBXBuildFile; fileRef = DD05303824272D920091B3C6 /* Utils.swift */; };
		DD05305024272DAA0091B3C6 /* ViewController.swift in Sources */ = {isa = PBXBuildFile; fileRef = DD05303C24272DAA0091B3C6 /* ViewController.swift */; };
		DD05305124272DAA0091B3C6 /* KeyConfigViewController.swift in Sources */ = {isa = PBXBuildFile; fileRef = DD05303E24272DAA0091B3C6 /* KeyConfigViewController.swift */; };
		DD05305224272DAA0091B3C6 /* KeyConfigComboBox.swift in Sources */ = {isa = PBXBuildFile; fileRef = DD05303F24272DAA0091B3C6 /* KeyConfigComboBox.swift */; };
		DD05305324272DAA0091B3C6 /* AppSettings.swift in Sources */ = {isa = PBXBuildFile; fileRef = DD05304124272DAA0091B3C6 /* AppSettings.swift */; };
		DD05305424272DAA0091B3C6 /* AppSettingsViewController.swift in Sources */ = {isa = PBXBuildFile; fileRef = DD05304224272DAA0091B3C6 /* AppSettingsViewController.swift */; };
		DD05305524272DAA0091B3C6 /* StickConfigCellView.swift in Sources */ = {isa = PBXBuildFile; fileRef = DD05304424272DAA0091B3C6 /* StickConfigCellView.swift */; };
		DD05305624272DAA0091B3C6 /* SpecialKeyName.swift in Sources */ = {isa = PBXBuildFile; fileRef = DD05304524272DAA0091B3C6 /* SpecialKeyName.swift */; };
		DD05305724272DAA0091B3C6 /* ViewController+NSOutlineViewDelegate.swift in Sources */ = {isa = PBXBuildFile; fileRef = DD05304624272DAA0091B3C6 /* ViewController+NSOutlineViewDelegate.swift */; };
		DD05305824272DAA0091B3C6 /* ButtonNameCellView.swift in Sources */ = {isa = PBXBuildFile; fileRef = DD05304724272DAA0091B3C6 /* ButtonNameCellView.swift */; };
		DD05305924272DAA0091B3C6 /* ViewController+NSTableViewDelegate.swift in Sources */ = {isa = PBXBuildFile; fileRef = DD05304924272DAA0091B3C6 /* ViewController+NSTableViewDelegate.swift */; };
		DD05305A24272DAA0091B3C6 /* AppCellView.swift in Sources */ = {isa = PBXBuildFile; fileRef = DD05304A24272DAA0091B3C6 /* AppCellView.swift */; };
		DD05305B24272DAA0091B3C6 /* ViewController+NSCollectionViewDelegate.swift in Sources */ = {isa = PBXBuildFile; fileRef = DD05304C24272DAA0091B3C6 /* ViewController+NSCollectionViewDelegate.swift */; };
		DD05305C24272DAA0091B3C6 /* ControllerViewItem.swift in Sources */ = {isa = PBXBuildFile; fileRef = DD05304D24272DAA0091B3C6 /* ControllerViewItem.swift */; };
		DD05305D24272DAA0091B3C6 /* ControllerViewItem.xib in Resources */ = {isa = PBXBuildFile; fileRef = DD05304E24272DAA0091B3C6 /* ControllerViewItem.xib */; };
		DD05305E24272DAA0091B3C6 /* ControllerView.swift in Sources */ = {isa = PBXBuildFile; fileRef = DD05304F24272DAA0091B3C6 /* ControllerView.swift */; };
		DD0AE2E522DAB13100B68F05 /* AppDelegate.swift in Sources */ = {isa = PBXBuildFile; fileRef = DD0AE2E422DAB13100B68F05 /* AppDelegate.swift */; };
		DD0AE2EF22DAB13200B68F05 /* Main.storyboard in Resources */ = {isa = PBXBuildFile; fileRef = DD0AE2ED22DAB13200B68F05 /* Main.storyboard */; };
		DD8744732412941B00B3AB11 /* Assets.xcassets in Resources */ = {isa = PBXBuildFile; fileRef = DD8744722412941B00B3AB11 /* Assets.xcassets */; };
		DD87447D241495A700B3AB11 /* AppDelegate.swift in Sources */ = {isa = PBXBuildFile; fileRef = DD87447C241495A700B3AB11 /* AppDelegate.swift */; };
		DD874481241495A900B3AB11 /* Assets.xcassets in Resources */ = {isa = PBXBuildFile; fileRef = DD874480241495A900B3AB11 /* Assets.xcassets */; };
		DD874487241495A900B3AB11 /* Main.storyboard in Resources */ = {isa = PBXBuildFile; fileRef = DD874485241495A900B3AB11 /* Main.storyboard */; };
		DD87448E2414B8B400B3AB11 /* JoyKeyMapperLauncher.app in CopyFiles */ = {isa = PBXBuildFile; fileRef = DD87447A241495A700B3AB11 /* JoyKeyMapperLauncher.app */; settings = {ATTRIBUTES = (RemoveHeadersOnCopy, ); }; };
		DDAC3B4024151C350022FF32 /* AppNotifications.swift in Sources */ = {isa = PBXBuildFile; fileRef = DDAC3B3F24151C350022FF32 /* AppNotifications.swift */; };
/* End PBXBuildFile section */

/* Begin PBXCopyFilesBuildPhase section */
		DD87448D2414B89600B3AB11 /* CopyFiles */ = {
			isa = PBXCopyFilesBuildPhase;
			buildActionMask = 2147483647;
			dstPath = Contents/Library/LoginItems;
			dstSubfolderSpec = 1;
			files = (
				DD87448E2414B8B400B3AB11 /* JoyKeyMapperLauncher.app in CopyFiles */,
			);
			runOnlyForDeploymentPostprocessing = 0;
		};
/* End PBXCopyFilesBuildPhase section */

/* Begin PBXFileReference section */
		475E07CC10AB2EDFD3A1DE83 /* Pods-JoyKeyMapper.release.xcconfig */ = {isa = PBXFileReference; includeInIndex = 1; lastKnownFileType = text.xcconfig; name = "Pods-JoyKeyMapper.release.xcconfig"; path = "Target Support Files/Pods-JoyKeyMapper/Pods-JoyKeyMapper.release.xcconfig"; sourceTree = "<group>"; };
		480DB1F0DAF805C943A9656A /* Pods_JoyKeyMapper.framework */ = {isa = PBXFileReference; explicitFileType = wrapper.framework; includeInIndex = 0; path = Pods_JoyKeyMapper.framework; sourceTree = BUILT_PRODUCTS_DIR; };
		AE0B679D3FC9AD29E57D0287 /* Pods-JoyKeyMapper.debug.xcconfig */ = {isa = PBXFileReference; includeInIndex = 1; lastKnownFileType = text.xcconfig; name = "Pods-JoyKeyMapper.debug.xcconfig"; path = "Target Support Files/Pods-JoyKeyMapper/Pods-JoyKeyMapper.debug.xcconfig"; sourceTree = "<group>"; };
		DD05302D24272D7A0091B3C6 /* DataManager.swift */ = {isa = PBXFileReference; fileEncoding = 4; lastKnownFileType = sourcecode.swift; path = DataManager.swift; sourceTree = "<group>"; };
		DD05302E24272D7A0091B3C6 /* GameController.swift */ = {isa = PBXFileReference; fileEncoding = 4; lastKnownFileType = sourcecode.swift; path = GameController.swift; sourceTree = "<group>"; };
		DD05303024272D7A0091B3C6 /* JoyKeyMapper.xcdatamodel */ = {isa = PBXFileReference; lastKnownFileType = wrapper.xcdatamodel; path = JoyKeyMapper.xcdatamodel; sourceTree = "<group>"; };
		DD05303124272D7A0091B3C6 /* GameControllerIcon.swift */ = {isa = PBXFileReference; fileEncoding = 4; lastKnownFileType = sourcecode.swift; path = GameControllerIcon.swift; sourceTree = "<group>"; };
		DD05303724272D920091B3C6 /* Notifications.swift */ = {isa = PBXFileReference; fileEncoding = 4; lastKnownFileType = sourcecode.swift; path = Notifications.swift; sourceTree = "<group>"; };
		DD05303824272D920091B3C6 /* Utils.swift */ = {isa = PBXFileReference; fileEncoding = 4; lastKnownFileType = sourcecode.swift; path = Utils.swift; sourceTree = "<group>"; };
		DD05303C24272DAA0091B3C6 /* ViewController.swift */ = {isa = PBXFileReference; fileEncoding = 4; lastKnownFileType = sourcecode.swift; path = ViewController.swift; sourceTree = "<group>"; };
		DD05303E24272DAA0091B3C6 /* KeyConfigViewController.swift */ = {isa = PBXFileReference; fileEncoding = 4; lastKnownFileType = sourcecode.swift; path = KeyConfigViewController.swift; sourceTree = "<group>"; };
		DD05303F24272DAA0091B3C6 /* KeyConfigComboBox.swift */ = {isa = PBXFileReference; fileEncoding = 4; lastKnownFileType = sourcecode.swift; path = KeyConfigComboBox.swift; sourceTree = "<group>"; };
		DD05304124272DAA0091B3C6 /* AppSettings.swift */ = {isa = PBXFileReference; fileEncoding = 4; lastKnownFileType = sourcecode.swift; path = AppSettings.swift; sourceTree = "<group>"; };
		DD05304224272DAA0091B3C6 /* AppSettingsViewController.swift */ = {isa = PBXFileReference; fileEncoding = 4; lastKnownFileType = sourcecode.swift; path = AppSettingsViewController.swift; sourceTree = "<group>"; };
		DD05304424272DAA0091B3C6 /* StickConfigCellView.swift */ = {isa = PBXFileReference; fileEncoding = 4; lastKnownFileType = sourcecode.swift; path = StickConfigCellView.swift; sourceTree = "<group>"; };
		DD05304524272DAA0091B3C6 /* SpecialKeyName.swift */ = {isa = PBXFileReference; fileEncoding = 4; lastKnownFileType = sourcecode.swift; path = SpecialKeyName.swift; sourceTree = "<group>"; };
		DD05304624272DAA0091B3C6 /* ViewController+NSOutlineViewDelegate.swift */ = {isa = PBXFileReference; fileEncoding = 4; lastKnownFileType = sourcecode.swift; path = "ViewController+NSOutlineViewDelegate.swift"; sourceTree = "<group>"; };
		DD05304724272DAA0091B3C6 /* ButtonNameCellView.swift */ = {isa = PBXFileReference; fileEncoding = 4; lastKnownFileType = sourcecode.swift; path = ButtonNameCellView.swift; sourceTree = "<group>"; };
		DD05304924272DAA0091B3C6 /* ViewController+NSTableViewDelegate.swift */ = {isa = PBXFileReference; fileEncoding = 4; lastKnownFileType = sourcecode.swift; path = "ViewController+NSTableViewDelegate.swift"; sourceTree = "<group>"; };
		DD05304A24272DAA0091B3C6 /* AppCellView.swift */ = {isa = PBXFileReference; fileEncoding = 4; lastKnownFileType = sourcecode.swift; path = AppCellView.swift; sourceTree = "<group>"; };
		DD05304C24272DAA0091B3C6 /* ViewController+NSCollectionViewDelegate.swift */ = {isa = PBXFileReference; fileEncoding = 4; lastKnownFileType = sourcecode.swift; path = "ViewController+NSCollectionViewDelegate.swift"; sourceTree = "<group>"; };
		DD05304D24272DAA0091B3C6 /* ControllerViewItem.swift */ = {isa = PBXFileReference; fileEncoding = 4; lastKnownFileType = sourcecode.swift; path = ControllerViewItem.swift; sourceTree = "<group>"; };
		DD05304E24272DAA0091B3C6 /* ControllerViewItem.xib */ = {isa = PBXFileReference; fileEncoding = 4; lastKnownFileType = file.xib; path = ControllerViewItem.xib; sourceTree = "<group>"; };
		DD05304F24272DAA0091B3C6 /* ControllerView.swift */ = {isa = PBXFileReference; fileEncoding = 4; lastKnownFileType = sourcecode.swift; path = ControllerView.swift; sourceTree = "<group>"; };
		DD0AE2E122DAB13100B68F05 /* JoyKeyMapper.app */ = {isa = PBXFileReference; explicitFileType = wrapper.application; includeInIndex = 0; path = JoyKeyMapper.app; sourceTree = BUILT_PRODUCTS_DIR; };
		DD0AE2E422DAB13100B68F05 /* AppDelegate.swift */ = {isa = PBXFileReference; lastKnownFileType = sourcecode.swift; path = AppDelegate.swift; sourceTree = "<group>"; };
		DD0AE2EE22DAB13200B68F05 /* Base */ = {isa = PBXFileReference; lastKnownFileType = file.storyboard; name = Base; path = Base.lproj/Main.storyboard; sourceTree = "<group>"; };
		DD0AE2F022DAB13200B68F05 /* Info.plist */ = {isa = PBXFileReference; lastKnownFileType = text.plist.xml; path = Info.plist; sourceTree = "<group>"; };
		DD0AE2F122DAB13200B68F05 /* JoyKeyMapper.entitlements */ = {isa = PBXFileReference; lastKnownFileType = text.plist.entitlements; path = JoyKeyMapper.entitlements; sourceTree = "<group>"; };
		DD8744722412941B00B3AB11 /* Assets.xcassets */ = {isa = PBXFileReference; lastKnownFileType = folder.assetcatalog; path = Assets.xcassets; sourceTree = "<group>"; };
		DD87447A241495A700B3AB11 /* JoyKeyMapperLauncher.app */ = {isa = PBXFileReference; explicitFileType = wrapper.application; includeInIndex = 0; path = JoyKeyMapperLauncher.app; sourceTree = BUILT_PRODUCTS_DIR; };
		DD87447C241495A700B3AB11 /* AppDelegate.swift */ = {isa = PBXFileReference; lastKnownFileType = sourcecode.swift; path = AppDelegate.swift; sourceTree = "<group>"; };
		DD874480241495A900B3AB11 /* Assets.xcassets */ = {isa = PBXFileReference; lastKnownFileType = folder.assetcatalog; path = Assets.xcassets; sourceTree = "<group>"; };
		DD874486241495A900B3AB11 /* Base */ = {isa = PBXFileReference; lastKnownFileType = file.storyboard; name = Base; path = Base.lproj/Main.storyboard; sourceTree = "<group>"; };
		DD874488241495A900B3AB11 /* Info.plist */ = {isa = PBXFileReference; lastKnownFileType = text.plist.xml; path = Info.plist; sourceTree = "<group>"; };
		DD874489241495A900B3AB11 /* JoyKeyMapperLauncher.entitlements */ = {isa = PBXFileReference; lastKnownFileType = text.plist.entitlements; path = JoyKeyMapperLauncher.entitlements; sourceTree = "<group>"; };
		DDAC3B3F24151C350022FF32 /* AppNotifications.swift */ = {isa = PBXFileReference; lastKnownFileType = sourcecode.swift; path = AppNotifications.swift; sourceTree = "<group>"; };
/* End PBXFileReference section */

/* Begin PBXFrameworksBuildPhase section */
		DD0AE2DE22DAB13100B68F05 /* Frameworks */ = {
			isa = PBXFrameworksBuildPhase;
			buildActionMask = 2147483647;
			files = (
				93256183A11EAD19ADC85FF9 /* Pods_JoyKeyMapper.framework in Frameworks */,
			);
			runOnlyForDeploymentPostprocessing = 0;
		};
		DD874477241495A700B3AB11 /* Frameworks */ = {
			isa = PBXFrameworksBuildPhase;
			buildActionMask = 2147483647;
			files = (
			);
			runOnlyForDeploymentPostprocessing = 0;
		};
/* End PBXFrameworksBuildPhase section */

/* Begin PBXGroup section */
		7165849BB23611CC6D049234 /* Frameworks */ = {
			isa = PBXGroup;
			children = (
				480DB1F0DAF805C943A9656A /* Pods_JoyKeyMapper.framework */,
			);
			name = Frameworks;
			sourceTree = "<group>";
		};
		822205FE79640986B57D9BA4 /* Pods */ = {
			isa = PBXGroup;
			children = (
				AE0B679D3FC9AD29E57D0287 /* Pods-JoyKeyMapper.debug.xcconfig */,
				475E07CC10AB2EDFD3A1DE83 /* Pods-JoyKeyMapper.release.xcconfig */,
			);
			path = Pods;
			sourceTree = "<group>";
		};
		DD05302C24272D7A0091B3C6 /* DataModels */ = {
			isa = PBXGroup;
			children = (
				DD05302F24272D7A0091B3C6 /* JoyKeyMapper.xcdatamodeld */,
				DD05302D24272D7A0091B3C6 /* DataManager.swift */,
				DD05302E24272D7A0091B3C6 /* GameController.swift */,
				DD05303124272D7A0091B3C6 /* GameControllerIcon.swift */,
			);
			path = DataModels;
			sourceTree = "<group>";
		};
		DD05303624272D920091B3C6 /* Misc */ = {
			isa = PBXGroup;
			children = (
				DD05303724272D920091B3C6 /* Notifications.swift */,
				DD05303824272D920091B3C6 /* Utils.swift */,
			);
			path = Misc;
			sourceTree = "<group>";
		};
		DD05303B24272DAA0091B3C6 /* Views */ = {
			isa = PBXGroup;
			children = (
				DD0AE2ED22DAB13200B68F05 /* Main.storyboard */,
				DD05303C24272DAA0091B3C6 /* ViewController.swift */,
				DD05304B24272DAA0091B3C6 /* ControllerList */,
				DD05304824272DAA0091B3C6 /* AppList */,
				DD05304324272DAA0091B3C6 /* KeyMapList */,
				DD05303D24272DAA0091B3C6 /* KeyConfigView */,
				DD05304024272DAA0091B3C6 /* AppSettings */,
			);
			path = Views;
			sourceTree = "<group>";
		};
		DD05303D24272DAA0091B3C6 /* KeyConfigView */ = {
			isa = PBXGroup;
			children = (
				DD05303E24272DAA0091B3C6 /* KeyConfigViewController.swift */,
				DD05303F24272DAA0091B3C6 /* KeyConfigComboBox.swift */,
			);
			path = KeyConfigView;
			sourceTree = "<group>";
		};
		DD05304024272DAA0091B3C6 /* AppSettings */ = {
			isa = PBXGroup;
			children = (
				DD05304124272DAA0091B3C6 /* AppSettings.swift */,
				DD05304224272DAA0091B3C6 /* AppSettingsViewController.swift */,
			);
			path = AppSettings;
			sourceTree = "<group>";
		};
		DD05304324272DAA0091B3C6 /* KeyMapList */ = {
			isa = PBXGroup;
			children = (
				DD05304424272DAA0091B3C6 /* StickConfigCellView.swift */,
				DD05304524272DAA0091B3C6 /* SpecialKeyName.swift */,
				DD05304624272DAA0091B3C6 /* ViewController+NSOutlineViewDelegate.swift */,
				DD05304724272DAA0091B3C6 /* ButtonNameCellView.swift */,
			);
			path = KeyMapList;
			sourceTree = "<group>";
		};
		DD05304824272DAA0091B3C6 /* AppList */ = {
			isa = PBXGroup;
			children = (
				DD05304924272DAA0091B3C6 /* ViewController+NSTableViewDelegate.swift */,
				DD05304A24272DAA0091B3C6 /* AppCellView.swift */,
			);
			path = AppList;
			sourceTree = "<group>";
		};
		DD05304B24272DAA0091B3C6 /* ControllerList */ = {
			isa = PBXGroup;
			children = (
				DD05304C24272DAA0091B3C6 /* ViewController+NSCollectionViewDelegate.swift */,
				DD05304D24272DAA0091B3C6 /* ControllerViewItem.swift */,
				DD05304E24272DAA0091B3C6 /* ControllerViewItem.xib */,
				DD05304F24272DAA0091B3C6 /* ControllerView.swift */,
			);
			path = ControllerList;
			sourceTree = "<group>";
		};
		DD0AE2D822DAB13100B68F05 = {
			isa = PBXGroup;
			children = (
				DD0AE2E322DAB13100B68F05 /* JoyKeyMapper */,
				DD87447B241495A700B3AB11 /* JoyKeyMapperLauncher */,
				DD0AE2E222DAB13100B68F05 /* Products */,
				822205FE79640986B57D9BA4 /* Pods */,
				7165849BB23611CC6D049234 /* Frameworks */,
			);
			sourceTree = "<group>";
		};
		DD0AE2E222DAB13100B68F05 /* Products */ = {
			isa = PBXGroup;
			children = (
				DD0AE2E122DAB13100B68F05 /* JoyKeyMapper.app */,
				DD87447A241495A700B3AB11 /* JoyKeyMapperLauncher.app */,
			);
			name = Products;
			sourceTree = "<group>";
		};
		DD0AE2E322DAB13100B68F05 /* JoyKeyMapper */ = {
			isa = PBXGroup;
			children = (
				DD0AE2F022DAB13200B68F05 /* Info.plist */,
				DD0AE2E422DAB13100B68F05 /* AppDelegate.swift */,
				DDAC3B3F24151C350022FF32 /* AppNotifications.swift */,
				DD05302C24272D7A0091B3C6 /* DataModels */,
				DD05303B24272DAA0091B3C6 /* Views */,
				DD05303624272D920091B3C6 /* Misc */,
				DD0AE2F122DAB13200B68F05 /* JoyKeyMapper.entitlements */,
				DD8744722412941B00B3AB11 /* Assets.xcassets */,
			);
			path = JoyKeyMapper;
			sourceTree = "<group>";
		};
		DD87447B241495A700B3AB11 /* JoyKeyMapperLauncher */ = {
			isa = PBXGroup;
			children = (
				DD87447C241495A700B3AB11 /* AppDelegate.swift */,
				DD874480241495A900B3AB11 /* Assets.xcassets */,
				DD874485241495A900B3AB11 /* Main.storyboard */,
				DD874488241495A900B3AB11 /* Info.plist */,
				DD874489241495A900B3AB11 /* JoyKeyMapperLauncher.entitlements */,
			);
			path = JoyKeyMapperLauncher;
			sourceTree = "<group>";
		};
/* End PBXGroup section */

/* Begin PBXNativeTarget section */
		DD0AE2E022DAB13100B68F05 /* JoyKeyMapper */ = {
			isa = PBXNativeTarget;
			buildConfigurationList = DD0AE2F422DAB13200B68F05 /* Build configuration list for PBXNativeTarget "JoyKeyMapper" */;
			buildPhases = (
				4CCDB801C3FB16B0491AD6DE /* [CP] Check Pods Manifest.lock */,
				DD0AE2DD22DAB13100B68F05 /* Sources */,
				DD0AE2DE22DAB13100B68F05 /* Frameworks */,
				DD0AE2DF22DAB13100B68F05 /* Resources */,
				721DFE3B8292D4548ED060B7 /* [CP] Embed Pods Frameworks */,
				DD87448D2414B89600B3AB11 /* CopyFiles */,
			);
			buildRules = (
			);
			dependencies = (
			);
			name = JoyKeyMapper;
			productName = JoyKeyMapper;
			productReference = DD0AE2E122DAB13100B68F05 /* JoyKeyMapper.app */;
			productType = "com.apple.product-type.application";
		};
		DD874479241495A700B3AB11 /* JoyKeyMapperLauncher */ = {
			isa = PBXNativeTarget;
			buildConfigurationList = DD87448A241495A900B3AB11 /* Build configuration list for PBXNativeTarget "JoyKeyMapperLauncher" */;
			buildPhases = (
				DD874476241495A700B3AB11 /* Sources */,
				DD874477241495A700B3AB11 /* Frameworks */,
				DD874478241495A700B3AB11 /* Resources */,
			);
			buildRules = (
			);
			dependencies = (
			);
			name = JoyKeyMapperLauncher;
			productName = JoyKeyMapperLauncher;
			productReference = DD87447A241495A700B3AB11 /* JoyKeyMapperLauncher.app */;
			productType = "com.apple.product-type.application";
		};
/* End PBXNativeTarget section */

/* Begin PBXProject section */
		DD0AE2D922DAB13100B68F05 /* Project object */ = {
			isa = PBXProject;
			attributes = {
				LastSwiftUpdateCheck = 1130;
				LastUpgradeCheck = 1100;
				ORGANIZATIONNAME = DarkHorse;
				TargetAttributes = {
					DD0AE2E022DAB13100B68F05 = {
						CreatedOnToolsVersion = 10.2.1;
						SystemCapabilities = {
							com.apple.Sandbox = {
								enabled = 1;
							};
						};
					};
					DD874479241495A700B3AB11 = {
						CreatedOnToolsVersion = 11.3.1;
					};
				};
			};
			buildConfigurationList = DD0AE2DC22DAB13100B68F05 /* Build configuration list for PBXProject "JoyKeyMapper" */;
			compatibilityVersion = "Xcode 9.3";
			developmentRegion = en;
			hasScannedForEncodings = 0;
			knownRegions = (
				en,
				Base,
			);
			mainGroup = DD0AE2D822DAB13100B68F05;
			productRefGroup = DD0AE2E222DAB13100B68F05 /* Products */;
			projectDirPath = "";
			projectRoot = "";
			targets = (
				DD0AE2E022DAB13100B68F05 /* JoyKeyMapper */,
				DD874479241495A700B3AB11 /* JoyKeyMapperLauncher */,
			);
		};
/* End PBXProject section */

/* Begin PBXResourcesBuildPhase section */
		DD0AE2DF22DAB13100B68F05 /* Resources */ = {
			isa = PBXResourcesBuildPhase;
			buildActionMask = 2147483647;
			files = (
				DD0AE2EF22DAB13200B68F05 /* Main.storyboard in Resources */,
				DD8744732412941B00B3AB11 /* Assets.xcassets in Resources */,
				DD05305D24272DAA0091B3C6 /* ControllerViewItem.xib in Resources */,
			);
			runOnlyForDeploymentPostprocessing = 0;
		};
		DD874478241495A700B3AB11 /* Resources */ = {
			isa = PBXResourcesBuildPhase;
			buildActionMask = 2147483647;
			files = (
				DD874487241495A900B3AB11 /* Main.storyboard in Resources */,
				DD874481241495A900B3AB11 /* Assets.xcassets in Resources */,
			);
			runOnlyForDeploymentPostprocessing = 0;
		};
/* End PBXResourcesBuildPhase section */

/* Begin PBXShellScriptBuildPhase section */
		4CCDB801C3FB16B0491AD6DE /* [CP] Check Pods Manifest.lock */ = {
			isa = PBXShellScriptBuildPhase;
			buildActionMask = 2147483647;
			files = (
			);
			inputFileListPaths = (
			);
			inputPaths = (
				"${PODS_PODFILE_DIR_PATH}/Podfile.lock",
				"${PODS_ROOT}/Manifest.lock",
			);
			name = "[CP] Check Pods Manifest.lock";
			outputFileListPaths = (
			);
			outputPaths = (
				"$(DERIVED_FILE_DIR)/Pods-JoyKeyMapper-checkManifestLockResult.txt",
			);
			runOnlyForDeploymentPostprocessing = 0;
			shellPath = /bin/sh;
			shellScript = "diff \"${PODS_PODFILE_DIR_PATH}/Podfile.lock\" \"${PODS_ROOT}/Manifest.lock\" > /dev/null\nif [ $? != 0 ] ; then\n    # print error to STDERR\n    echo \"error: The sandbox is not in sync with the Podfile.lock. Run 'pod install' or update your CocoaPods installation.\" >&2\n    exit 1\nfi\n# This output is used by Xcode 'outputs' to avoid re-running this script phase.\necho \"SUCCESS\" > \"${SCRIPT_OUTPUT_FILE_0}\"\n";
			showEnvVarsInLog = 0;
		};
		721DFE3B8292D4548ED060B7 /* [CP] Embed Pods Frameworks */ = {
			isa = PBXShellScriptBuildPhase;
			buildActionMask = 2147483647;
			files = (
			);
			inputFileListPaths = (
				"${PODS_ROOT}/Target Support Files/Pods-JoyKeyMapper/Pods-JoyKeyMapper-frameworks-${CONFIGURATION}-input-files.xcfilelist",
			);
			name = "[CP] Embed Pods Frameworks";
			outputFileListPaths = (
				"${PODS_ROOT}/Target Support Files/Pods-JoyKeyMapper/Pods-JoyKeyMapper-frameworks-${CONFIGURATION}-output-files.xcfilelist",
			);
			runOnlyForDeploymentPostprocessing = 0;
			shellPath = /bin/sh;
			shellScript = "\"${PODS_ROOT}/Target Support Files/Pods-JoyKeyMapper/Pods-JoyKeyMapper-frameworks.sh\"\n";
			showEnvVarsInLog = 0;
		};
/* End PBXShellScriptBuildPhase section */

/* Begin PBXSourcesBuildPhase section */
		DD0AE2DD22DAB13100B68F05 /* Sources */ = {
			isa = PBXSourcesBuildPhase;
			buildActionMask = 2147483647;
			files = (
				DD05305324272DAA0091B3C6 /* AppSettings.swift in Sources */,
				DD05305024272DAA0091B3C6 /* ViewController.swift in Sources */,
				DD05303924272D920091B3C6 /* Notifications.swift in Sources */,
				DD05305824272DAA0091B3C6 /* ButtonNameCellView.swift in Sources */,
				DD05305A24272DAA0091B3C6 /* AppCellView.swift in Sources */,
				DD05303224272D7A0091B3C6 /* DataManager.swift in Sources */,
				DD05303A24272D920091B3C6 /* Utils.swift in Sources */,
				DD05303524272D7A0091B3C6 /* GameControllerIcon.swift in Sources */,
				DD05305B24272DAA0091B3C6 /* ViewController+NSCollectionViewDelegate.swift in Sources */,
				DD05305924272DAA0091B3C6 /* ViewController+NSTableViewDelegate.swift in Sources */,
				DD05303324272D7A0091B3C6 /* GameController.swift in Sources */,
				DD05303424272D7A0091B3C6 /* JoyKeyMapper.xcdatamodeld in Sources */,
				DD05305724272DAA0091B3C6 /* ViewController+NSOutlineViewDelegate.swift in Sources */,
				DD0AE2E522DAB13100B68F05 /* AppDelegate.swift in Sources */,
				DD05305124272DAA0091B3C6 /* KeyConfigViewController.swift in Sources */,
				DD05305624272DAA0091B3C6 /* SpecialKeyName.swift in Sources */,
				DD05305524272DAA0091B3C6 /* StickConfigCellView.swift in Sources */,
				DDAC3B4024151C350022FF32 /* AppNotifications.swift in Sources */,
				DD05305424272DAA0091B3C6 /* AppSettingsViewController.swift in Sources */,
				DD05305224272DAA0091B3C6 /* KeyConfigComboBox.swift in Sources */,
				DD05305E24272DAA0091B3C6 /* ControllerView.swift in Sources */,
				DD05305C24272DAA0091B3C6 /* ControllerViewItem.swift in Sources */,
			);
			runOnlyForDeploymentPostprocessing = 0;
		};
		DD874476241495A700B3AB11 /* Sources */ = {
			isa = PBXSourcesBuildPhase;
			buildActionMask = 2147483647;
			files = (
				DD87447D241495A700B3AB11 /* AppDelegate.swift in Sources */,
			);
			runOnlyForDeploymentPostprocessing = 0;
		};
/* End PBXSourcesBuildPhase section */

/* Begin PBXVariantGroup section */
		DD0AE2ED22DAB13200B68F05 /* Main.storyboard */ = {
			isa = PBXVariantGroup;
			children = (
				DD0AE2EE22DAB13200B68F05 /* Base */,
			);
			name = Main.storyboard;
			sourceTree = "<group>";
		};
		DD874485241495A900B3AB11 /* Main.storyboard */ = {
			isa = PBXVariantGroup;
			children = (
				DD874486241495A900B3AB11 /* Base */,
			);
			name = Main.storyboard;
			sourceTree = "<group>";
		};
/* End PBXVariantGroup section */

/* Begin XCBuildConfiguration section */
		DD0AE2F222DAB13200B68F05 /* Debug */ = {
			isa = XCBuildConfiguration;
			buildSettings = {
				ALWAYS_SEARCH_USER_PATHS = NO;
				CLANG_ANALYZER_NONNULL = YES;
				CLANG_ANALYZER_NUMBER_OBJECT_CONVERSION = YES_AGGRESSIVE;
				CLANG_CXX_LANGUAGE_STANDARD = "gnu++14";
				CLANG_CXX_LIBRARY = "libc++";
				CLANG_ENABLE_MODULES = YES;
				CLANG_ENABLE_OBJC_ARC = YES;
				CLANG_ENABLE_OBJC_WEAK = YES;
				CLANG_WARN_BLOCK_CAPTURE_AUTORELEASING = YES;
				CLANG_WARN_BOOL_CONVERSION = YES;
				CLANG_WARN_COMMA = YES;
				CLANG_WARN_CONSTANT_CONVERSION = YES;
				CLANG_WARN_DEPRECATED_OBJC_IMPLEMENTATIONS = YES;
				CLANG_WARN_DIRECT_OBJC_ISA_USAGE = YES_ERROR;
				CLANG_WARN_DOCUMENTATION_COMMENTS = YES;
				CLANG_WARN_EMPTY_BODY = YES;
				CLANG_WARN_ENUM_CONVERSION = YES;
				CLANG_WARN_INFINITE_RECURSION = YES;
				CLANG_WARN_INT_CONVERSION = YES;
				CLANG_WARN_NON_LITERAL_NULL_CONVERSION = YES;
				CLANG_WARN_OBJC_IMPLICIT_RETAIN_SELF = YES;
				CLANG_WARN_OBJC_LITERAL_CONVERSION = YES;
				CLANG_WARN_OBJC_ROOT_CLASS = YES_ERROR;
				CLANG_WARN_RANGE_LOOP_ANALYSIS = YES;
				CLANG_WARN_STRICT_PROTOTYPES = YES;
				CLANG_WARN_SUSPICIOUS_MOVE = YES;
				CLANG_WARN_UNGUARDED_AVAILABILITY = YES_AGGRESSIVE;
				CLANG_WARN_UNREACHABLE_CODE = YES;
				CLANG_WARN__DUPLICATE_METHOD_MATCH = YES;
				CODE_SIGN_IDENTITY = "Mac Developer";
				COPY_PHASE_STRIP = NO;
				DEBUG_INFORMATION_FORMAT = dwarf;
				ENABLE_STRICT_OBJC_MSGSEND = YES;
				ENABLE_TESTABILITY = YES;
				GCC_C_LANGUAGE_STANDARD = gnu11;
				GCC_DYNAMIC_NO_PIC = NO;
				GCC_NO_COMMON_BLOCKS = YES;
				GCC_OPTIMIZATION_LEVEL = 0;
				GCC_PREPROCESSOR_DEFINITIONS = (
					"DEBUG=1",
					"$(inherited)",
				);
				GCC_WARN_64_TO_32_BIT_CONVERSION = YES;
				GCC_WARN_ABOUT_RETURN_TYPE = YES_ERROR;
				GCC_WARN_UNDECLARED_SELECTOR = YES;
				GCC_WARN_UNINITIALIZED_AUTOS = YES_AGGRESSIVE;
				GCC_WARN_UNUSED_FUNCTION = YES;
				GCC_WARN_UNUSED_VARIABLE = YES;
				MACOSX_DEPLOYMENT_TARGET = 10.14;
				MTL_ENABLE_DEBUG_INFO = INCLUDE_SOURCE;
				MTL_FAST_MATH = YES;
				ONLY_ACTIVE_ARCH = YES;
				SDKROOT = macosx;
				SWIFT_ACTIVE_COMPILATION_CONDITIONS = DEBUG;
				SWIFT_OPTIMIZATION_LEVEL = "-Onone";
			};
			name = Debug;
		};
		DD0AE2F322DAB13200B68F05 /* Release */ = {
			isa = XCBuildConfiguration;
			buildSettings = {
				ALWAYS_SEARCH_USER_PATHS = NO;
				CLANG_ANALYZER_NONNULL = YES;
				CLANG_ANALYZER_NUMBER_OBJECT_CONVERSION = YES_AGGRESSIVE;
				CLANG_CXX_LANGUAGE_STANDARD = "gnu++14";
				CLANG_CXX_LIBRARY = "libc++";
				CLANG_ENABLE_MODULES = YES;
				CLANG_ENABLE_OBJC_ARC = YES;
				CLANG_ENABLE_OBJC_WEAK = YES;
				CLANG_WARN_BLOCK_CAPTURE_AUTORELEASING = YES;
				CLANG_WARN_BOOL_CONVERSION = YES;
				CLANG_WARN_COMMA = YES;
				CLANG_WARN_CONSTANT_CONVERSION = YES;
				CLANG_WARN_DEPRECATED_OBJC_IMPLEMENTATIONS = YES;
				CLANG_WARN_DIRECT_OBJC_ISA_USAGE = YES_ERROR;
				CLANG_WARN_DOCUMENTATION_COMMENTS = YES;
				CLANG_WARN_EMPTY_BODY = YES;
				CLANG_WARN_ENUM_CONVERSION = YES;
				CLANG_WARN_INFINITE_RECURSION = YES;
				CLANG_WARN_INT_CONVERSION = YES;
				CLANG_WARN_NON_LITERAL_NULL_CONVERSION = YES;
				CLANG_WARN_OBJC_IMPLICIT_RETAIN_SELF = YES;
				CLANG_WARN_OBJC_LITERAL_CONVERSION = YES;
				CLANG_WARN_OBJC_ROOT_CLASS = YES_ERROR;
				CLANG_WARN_RANGE_LOOP_ANALYSIS = YES;
				CLANG_WARN_STRICT_PROTOTYPES = YES;
				CLANG_WARN_SUSPICIOUS_MOVE = YES;
				CLANG_WARN_UNGUARDED_AVAILABILITY = YES_AGGRESSIVE;
				CLANG_WARN_UNREACHABLE_CODE = YES;
				CLANG_WARN__DUPLICATE_METHOD_MATCH = YES;
				CODE_SIGN_IDENTITY = "Mac Developer";
				COPY_PHASE_STRIP = NO;
				DEBUG_INFORMATION_FORMAT = "dwarf-with-dsym";
				ENABLE_NS_ASSERTIONS = NO;
				ENABLE_STRICT_OBJC_MSGSEND = YES;
				GCC_C_LANGUAGE_STANDARD = gnu11;
				GCC_NO_COMMON_BLOCKS = YES;
				GCC_WARN_64_TO_32_BIT_CONVERSION = YES;
				GCC_WARN_ABOUT_RETURN_TYPE = YES_ERROR;
				GCC_WARN_UNDECLARED_SELECTOR = YES;
				GCC_WARN_UNINITIALIZED_AUTOS = YES_AGGRESSIVE;
				GCC_WARN_UNUSED_FUNCTION = YES;
				GCC_WARN_UNUSED_VARIABLE = YES;
				MACOSX_DEPLOYMENT_TARGET = 10.14;
				MTL_ENABLE_DEBUG_INFO = NO;
				MTL_FAST_MATH = YES;
				SDKROOT = macosx;
				SWIFT_COMPILATION_MODE = wholemodule;
				SWIFT_OPTIMIZATION_LEVEL = "-O";
			};
			name = Release;
		};
		DD0AE2F522DAB13200B68F05 /* Debug */ = {
			isa = XCBuildConfiguration;
			baseConfigurationReference = AE0B679D3FC9AD29E57D0287 /* Pods-JoyKeyMapper.debug.xcconfig */;
			buildSettings = {
				ASSETCATALOG_COMPILER_APPICON_NAME = AppIcon;
				CODE_SIGN_ENTITLEMENTS = JoyKeyMapper/JoyKeyMapper.entitlements;
				CODE_SIGN_IDENTITY = "Apple Development";
				CODE_SIGN_STYLE = Automatic;
				COMBINE_HIDPI_IMAGES = YES;
				DEVELOPMENT_TEAM = EF37D6UQZ9;
				INFOPLIST_FILE = "$(SRCROOT)/JoyKeyMapper/Info.plist";
				LD_RUNPATH_SEARCH_PATHS = (
					"$(inherited)",
					"@executable_path/../Frameworks",
				);
				PRODUCT_BUNDLE_IDENTIFIER = jp.0spec.JoyKeyMapper;
				PRODUCT_NAME = "$(TARGET_NAME)";
				SWIFT_VERSION = 5.0;
			};
			name = Debug;
		};
		DD0AE2F622DAB13200B68F05 /* Release */ = {
			isa = XCBuildConfiguration;
			baseConfigurationReference = 475E07CC10AB2EDFD3A1DE83 /* Pods-JoyKeyMapper.release.xcconfig */;
			buildSettings = {
				ASSETCATALOG_COMPILER_APPICON_NAME = AppIcon;
				CODE_SIGN_ENTITLEMENTS = JoyKeyMapper/JoyKeyMapper.entitlements;
				CODE_SIGN_IDENTITY = "Apple Development";
				CODE_SIGN_STYLE = Automatic;
				COMBINE_HIDPI_IMAGES = YES;
				DEVELOPMENT_TEAM = EF37D6UQZ9;
				INFOPLIST_FILE = "$(SRCROOT)/JoyKeyMapper/Info.plist";
				LD_RUNPATH_SEARCH_PATHS = (
					"$(inherited)",
					"@executable_path/../Frameworks",
				);
				PRODUCT_BUNDLE_IDENTIFIER = jp.0spec.JoyKeyMapper;
				PRODUCT_NAME = "$(TARGET_NAME)";
				SWIFT_VERSION = 5.0;
			};
			name = Release;
		};
		DD87448B241495A900B3AB11 /* Debug */ = {
			isa = XCBuildConfiguration;
			buildSettings = {
				ASSETCATALOG_COMPILER_APPICON_NAME = AppIcon;
				CODE_SIGN_ENTITLEMENTS = JoyKeyMapperLauncher/JoyKeyMapperLauncher.entitlements;
				CODE_SIGN_IDENTITY = "Apple Development";
				CODE_SIGN_STYLE = Automatic;
				COMBINE_HIDPI_IMAGES = YES;
				DEVELOPMENT_ASSET_PATHS = "";
				DEVELOPMENT_TEAM = EF37D6UQZ9;
				ENABLE_HARDENED_RUNTIME = YES;
				ENABLE_PREVIEWS = YES;
				INFOPLIST_FILE = "$(SRCROOT)/JoyKeyMapperLauncher/Info.plist";
				LD_RUNPATH_SEARCH_PATHS = (
					"$(inherited)",
					"@executable_path/../Frameworks",
				);
				MACOSX_DEPLOYMENT_TARGET = 10.15;
				PRODUCT_BUNDLE_IDENTIFIER = jp.0spec.JoyKeyMapperLauncher;
				PRODUCT_NAME = "$(TARGET_NAME)";
				SWIFT_VERSION = 5.0;
			};
			name = Debug;
		};
		DD87448C241495A900B3AB11 /* Release */ = {
			isa = XCBuildConfiguration;
			buildSettings = {
				ASSETCATALOG_COMPILER_APPICON_NAME = AppIcon;
				CODE_SIGN_ENTITLEMENTS = JoyKeyMapperLauncher/JoyKeyMapperLauncher.entitlements;
				CODE_SIGN_IDENTITY = "Apple Development";
				CODE_SIGN_STYLE = Automatic;
				COMBINE_HIDPI_IMAGES = YES;
				DEVELOPMENT_ASSET_PATHS = "";
				DEVELOPMENT_TEAM = EF37D6UQZ9;
				ENABLE_HARDENED_RUNTIME = YES;
				ENABLE_PREVIEWS = YES;
				INFOPLIST_FILE = "$(SRCROOT)/JoyKeyMapperLauncher/Info.plist";
				LD_RUNPATH_SEARCH_PATHS = (
					"$(inherited)",
					"@executable_path/../Frameworks",
				);
				MACOSX_DEPLOYMENT_TARGET = 10.15;
				PRODUCT_BUNDLE_IDENTIFIER = jp.0spec.JoyKeyMapperLauncher;
				PRODUCT_NAME = "$(TARGET_NAME)";
				SWIFT_VERSION = 5.0;
			};
			name = Release;
		};
/* End XCBuildConfiguration section */

/* Begin XCConfigurationList section */
		DD0AE2DC22DAB13100B68F05 /* Build configuration list for PBXProject "JoyKeyMapper" */ = {
			isa = XCConfigurationList;
			buildConfigurations = (
				DD0AE2F222DAB13200B68F05 /* Debug */,
				DD0AE2F322DAB13200B68F05 /* Release */,
			);
			defaultConfigurationIsVisible = 0;
			defaultConfigurationName = Release;
		};
		DD0AE2F422DAB13200B68F05 /* Build configuration list for PBXNativeTarget "JoyKeyMapper" */ = {
			isa = XCConfigurationList;
			buildConfigurations = (
				DD0AE2F522DAB13200B68F05 /* Debug */,
				DD0AE2F622DAB13200B68F05 /* Release */,
			);
			defaultConfigurationIsVisible = 0;
			defaultConfigurationName = Release;
		};
		DD87448A241495A900B3AB11 /* Build configuration list for PBXNativeTarget "JoyKeyMapperLauncher" */ = {
			isa = XCConfigurationList;
			buildConfigurations = (
				DD87448B241495A900B3AB11 /* Debug */,
				DD87448C241495A900B3AB11 /* Release */,
			);
			defaultConfigurationIsVisible = 0;
			defaultConfigurationName = Release;
		};
/* End XCConfigurationList section */

/* Begin XCVersionGroup section */
		DD05302F24272D7A0091B3C6 /* JoyKeyMapper.xcdatamodeld */ = {
			isa = XCVersionGroup;
			children = (
				DD05303024272D7A0091B3C6 /* JoyKeyMapper.xcdatamodel */,
			);
			currentVersion = DD05303024272D7A0091B3C6 /* JoyKeyMapper.xcdatamodel */;
			path = JoyKeyMapper.xcdatamodeld;
			sourceTree = "<group>";
			versionGroupType = wrapper.xcdatamodel;
		};
/* End XCVersionGroup section */
	};
	rootObject = DD0AE2D922DAB13100B68F05 /* Project object */;
}
